
Microsoft Visual Studio Solution File, Format Version 12.00
# Visual Studio Version 17
VisualStudioVersion = 17.11.35222.181
MinimumVisualStudioVersion = 10.0.40219.1
Project("{E53339B2-1760-4266-BCC7-CA923CBCF16C}") = "docker-compose", "docker-compose.dcproj", "{16C4020F-C7B1-4AA6-B867-9809628F6612}"
EndProject
Global
	GlobalSection(SolutionConfigurationPlatforms) = preSolution
		Debug|Any CPU = Debug|Any CPU
		Release|Any CPU = Release|Any CPU
	EndGlobalSection
	GlobalSection(ProjectConfigurationPlatforms) = postSolution
		{16C4020F-C7B1-4AA6-B867-9809628F6612}.Debug|Any CPU.ActiveCfg = Debug|Any CPU
		{16C4020F-C7B1-4AA6-B867-9809628F6612}.Debug|Any CPU.Build.0 = Debug|Any CPU
		{16C4020F-C7B1-4AA6-B867-9809628F6612}.Release|Any CPU.ActiveCfg = Release|Any CPU
		{16C4020F-C7B1-4AA6-B867-9809628F6612}.Release|Any CPU.Build.0 = Release|Any CPU
	EndGlobalSection
	GlobalSection(SolutionProperties) = preSolution
		HideSolutionNode = FALSE
	EndGlobalSection
	GlobalSection(ExtensibilityGlobals) = postSolution
		SolutionGuid = {72715C1D-442E-429D-B6E7-2E5515FE80C8}
	EndGlobalSection
EndGlobal
